// !$*UTF8*$!
{
	archiveVersion = 1;
	classes = {
	};
	objectVersion = 52;
	objects = {

/* Begin PBXBuildFile section */
		2F43C7F339CC617506877AF3 /* Pods_BadHouseApp.framework in Frameworks */ = {isa = PBXBuildFile; fileRef = B38755E5F33A751CC5955591 /* Pods_BadHouseApp.framework */; };
		D30B7939270090EA0086456E /* ChatRoom.swift in Sources */ = {isa = PBXBuildFile; fileRef = D30B7938270090EA0086456E /* ChatRoom.swift */; };
		D30B793C2700A5940086456E /* NotificationUtil.swift in Sources */ = {isa = PBXBuildFile; fileRef = D30B793B2700A5940086456E /* NotificationUtil.swift */; };
		D31C163D272B78AB00A94FC6 /* RuleController.swift in Sources */ = {isa = PBXBuildFile; fileRef = D31C163C272B78AA00A94FC6 /* RuleController.swift */; };
		D31DC6B1272A6DE000BD2951 /* NetworkUtil.swift in Sources */ = {isa = PBXBuildFile; fileRef = D31DC6B0272A6DE000BD2951 /* NetworkUtil.swift */; };
		D330032626E61A2E00208525 /* MyPageInfoPopoverController.swift in Sources */ = {isa = PBXBuildFile; fileRef = D330032526E61A2E00208525 /* MyPageInfoPopoverController.swift */; };
		D330032826E7013900208525 /* MyLevelController.swift in Sources */ = {isa = PBXBuildFile; fileRef = D330032726E7013900208525 /* MyLevelController.swift */; };
		D33B018227466109004ED650 /* Calendar.storyboard in Resources */ = {isa = PBXBuildFile; fileRef = D33B018127466108004ED650 /* Calendar.storyboard */; };
		D33B0184274661D2004ED650 /* Map.storyboard in Resources */ = {isa = PBXBuildFile; fileRef = D33B0183274661D2004ED650 /* Map.storyboard */; };
		D33B018627466297004ED650 /* DetailSearch.storyboard in Resources */ = {isa = PBXBuildFile; fileRef = D33B018527466297004ED650 /* DetailSearch.storyboard */; };
		D33B018827466A98004ED650 /* LevelDetail.storyboard in Resources */ = {isa = PBXBuildFile; fileRef = D33B018727466A98004ED650 /* LevelDetail.storyboard */; };
		D33B018A27466CF0004ED650 /* Tornament.storyboard in Resources */ = {isa = PBXBuildFile; fileRef = D33B018927466CF0004ED650 /* Tornament.storyboard */; };
		D33B018C27467009004ED650 /* MyUserInfo.storyboard in Resources */ = {isa = PBXBuildFile; fileRef = D33B018B27467009004ED650 /* MyUserInfo.storyboard */; };
		D33B019027467437004ED650 /* XLPager.storyboard in Resources */ = {isa = PBXBuildFile; fileRef = D33B018F27467437004ED650 /* XLPager.storyboard */; };
		D33B019227467836004ED650 /* TimeLine.storyboard in Resources */ = {isa = PBXBuildFile; fileRef = D33B019127467836004ED650 /* TimeLine.storyboard */; };
		D33B019427467922004ED650 /* FriendSearch.storyboard in Resources */ = {isa = PBXBuildFile; fileRef = D33B019327467922004ED650 /* FriendSearch.storyboard */; };
		D34852B626FD3EBD0027592A /* PreJoin.swift in Sources */ = {isa = PBXBuildFile; fileRef = D34852B526FD3EBD0027592A /* PreJoin.swift */; };
		D353D8DA26F05B9600221B7D /* DMChatController.swift in Sources */ = {isa = PBXBuildFile; fileRef = D353D8D926F05B9600221B7D /* DMChatController.swift */; };
		D353D8E226F1621F00221B7D /* ChatCell.swift in Sources */ = {isa = PBXBuildFile; fileRef = D353D8E026F1621F00221B7D /* ChatCell.swift */; };
		D353D8E326F1621F00221B7D /* ChatCell.xib in Resources */ = {isa = PBXBuildFile; fileRef = D353D8E126F1621F00221B7D /* ChatCell.xib */; };
		D353D8EA26F21A4F00221B7D /* Chat.swift in Sources */ = {isa = PBXBuildFile; fileRef = D353D8E926F21A4F00221B7D /* Chat.swift */; };
		D37FA52926EB091300B8559F /* EventInfoCell.swift in Sources */ = {isa = PBXBuildFile; fileRef = D37FA52726EB091300B8559F /* EventInfoCell.swift */; };
		D37FA52A26EB091300B8559F /* CollectionViewCell.xib in Resources */ = {isa = PBXBuildFile; fileRef = D37FA52826EB091300B8559F /* CollectionViewCell.xib */; };
		D37FA52C26EB4AD900B8559F /* EventDetailController.swift in Sources */ = {isa = PBXBuildFile; fileRef = D37FA52B26EB4AD900B8559F /* EventDetailController.swift */; };
		D38807D226FF149000D3AB7F /* LevelDetailViewController.swift in Sources */ = {isa = PBXBuildFile; fileRef = D38807D126FF149000D3AB7F /* LevelDetailViewController.swift */; };
		D388F0F027105AFA00ACA6B8 /* SubUserDetailController.swift in Sources */ = {isa = PBXBuildFile; fileRef = D388F0EF27105AF900ACA6B8 /* SubUserDetailController.swift */; };
		D388F0F227107A2A00ACA6B8 /* WalkThroughController.swift in Sources */ = {isa = PBXBuildFile; fileRef = D388F0F127107A2A00ACA6B8 /* WalkThroughController.swift */; };
		D3976EF1270337F40016CEB2 /* InputView.swift in Sources */ = {isa = PBXBuildFile; fileRef = D3976EF0270337F40016CEB2 /* InputView.swift */; };
		D3977167270959A70025BE19 /* TornamentListController.swift in Sources */ = {isa = PBXBuildFile; fileRef = D3977166270959A70025BE19 /* TornamentListController.swift */; };
		D3977169270961E40025BE19 /* TornamentDetailController.swift in Sources */ = {isa = PBXBuildFile; fileRef = D3977168270961E40025BE19 /* TornamentDetailController.swift */; };
		D39771722709D1D40025BE19 /* MyScheduleController.swift in Sources */ = {isa = PBXBuildFile; fileRef = D39771712709D1D40025BE19 /* MyScheduleController.swift */; };
		D3A789D026F414310088E8BC /* PlusTeamPlayerController.swift in Sources */ = {isa = PBXBuildFile; fileRef = D3A789CF26F414310088E8BC /* PlusTeamPlayerController.swift */; };
		D3A789D226F416E10088E8BC /* PlusTeamPlayersCell.swift in Sources */ = {isa = PBXBuildFile; fileRef = D3A789D126F416E10088E8BC /* PlusTeamPlayersCell.swift */; };
		D3A789D526F439A40088E8BC /* TalkController.swift in Sources */ = {isa = PBXBuildFile; fileRef = D3A789D426F439A40088E8BC /* TalkController.swift */; };
		D3A789D926F5DD8C0088E8BC /* Extensions.swift in Sources */ = {isa = PBXBuildFile; fileRef = D3A789D826F5DD8C0088E8BC /* Extensions.swift */; };
		D3A82BA527040C8100DDB4FC /* VideoCameraController.swift in Sources */ = {isa = PBXBuildFile; fileRef = D3A82BA427040C8100DDB4FC /* VideoCameraController.swift */; };
		D3A82BA72704136E00DDB4FC /* VideoModel.swift in Sources */ = {isa = PBXBuildFile; fileRef = D3A82BA62704136E00DDB4FC /* VideoModel.swift */; };
		D3A82BAE2705F6CA00DDB4FC /* Assets.xcassets in Resources */ = {isa = PBXBuildFile; fileRef = D3BDB53026E0525200C53780 /* Assets.xcassets */; };
		D3A82BB02707357900DDB4FC /* GroupSearchController.swift in Sources */ = {isa = PBXBuildFile; fileRef = D3A82BAF2707357800DDB4FC /* GroupSearchController.swift */; };
		D3AC05E726EB82E300F40A51 /* MapViewController.swift in Sources */ = {isa = PBXBuildFile; fileRef = D3AC05E626EB82E300F40A51 /* MapViewController.swift */; };
		D3AC05E926ED763000F40A51 /* SearchCalendarController.swift in Sources */ = {isa = PBXBuildFile; fileRef = D3AC05E826ED763000F40A51 /* SearchCalendarController.swift */; };
		D3AC05EB26ED9C8800F40A51 /* DetailSearchController.swift in Sources */ = {isa = PBXBuildFile; fileRef = D3AC05EA26ED9C8800F40A51 /* DetailSearchController.swift */; };
		D3AC05ED26EE274200F40A51 /* DateUtil.swift in Sources */ = {isa = PBXBuildFile; fileRef = D3AC05EC26EE274100F40A51 /* DateUtil.swift */; };
		D3AC05F026EE284F00F40A51 /* FetchData.swift in Sources */ = {isa = PBXBuildFile; fileRef = D3AC05EF26EE284F00F40A51 /* FetchData.swift */; };
		D3BDB52826E0525100C53780 /* AppDelegate.swift in Sources */ = {isa = PBXBuildFile; fileRef = D3BDB52726E0525100C53780 /* AppDelegate.swift */; };
		D3BDB52A26E0525100C53780 /* SceneDelegate.swift in Sources */ = {isa = PBXBuildFile; fileRef = D3BDB52926E0525100C53780 /* SceneDelegate.swift */; };
		D3BDB52C26E0525100C53780 /* HomeViewController.swift in Sources */ = {isa = PBXBuildFile; fileRef = D3BDB52B26E0525100C53780 /* HomeViewController.swift */; };
		D3BDB52F26E0525100C53780 /* Main.storyboard in Resources */ = {isa = PBXBuildFile; fileRef = D3BDB52D26E0525100C53780 /* Main.storyboard */; };
		D3BDB53426E0525200C53780 /* LaunchScreen.storyboard in Resources */ = {isa = PBXBuildFile; fileRef = D3BDB53226E0525200C53780 /* LaunchScreen.storyboard */; };
		D3BDB54126E0546000C53780 /* RegisterViewController.swift in Sources */ = {isa = PBXBuildFile; fileRef = D3BDB54026E0546000C53780 /* RegisterViewController.swift */; };
		D3BDB54426E0547300C53780 /* LoginViewController.swift in Sources */ = {isa = PBXBuildFile; fileRef = D3BDB54326E0547300C53780 /* LoginViewController.swift */; };
		D3BDB54626E055C900C53780 /* Constants.swift in Sources */ = {isa = PBXBuildFile; fileRef = D3BDB54526E055C900C53780 /* Constants.swift */; };
		D3BDB54826E0590800C53780 /* GoogleService-Info.plist in Resources */ = {isa = PBXBuildFile; fileRef = D3BDB54726E0590800C53780 /* GoogleService-Info.plist */; };
		D3BDB54B26E0598C00C53780 /* RxCocoa in Frameworks */ = {isa = PBXBuildFile; productRef = D3BDB54A26E0598C00C53780 /* RxCocoa */; };
		D3BDB54D26E0598C00C53780 /* RxSwift in Frameworks */ = {isa = PBXBuildFile; productRef = D3BDB54C26E0598C00C53780 /* RxSwift */; };
		D3BDB55126E05DD100C53780 /* RegisterTitleLabel.swift in Sources */ = {isa = PBXBuildFile; fileRef = D3BDB55026E05DD100C53780 /* RegisterTitleLabel.swift */; };
		D3BDB55326E05E7A00C53780 /* Anchor-Extension.swift in Sources */ = {isa = PBXBuildFile; fileRef = D3BDB55226E05E7A00C53780 /* Anchor-Extension.swift */; };
		D3BDB55526E062E700C53780 /* RegisterTextField.swift in Sources */ = {isa = PBXBuildFile; fileRef = D3BDB55426E062E700C53780 /* RegisterTextField.swift */; };
		D3BDB55726E0644E00C53780 /* UIButton-Extension.swift in Sources */ = {isa = PBXBuildFile; fileRef = D3BDB55626E0644E00C53780 /* UIButton-Extension.swift */; };
		D3BDB55926E066CF00C53780 /* RegisterButton.swift in Sources */ = {isa = PBXBuildFile; fileRef = D3BDB55826E066CF00C53780 /* RegisterButton.swift */; };
		D3BDB55C26E0965200C53780 /* RegisterLoginBinding.swift in Sources */ = {isa = PBXBuildFile; fileRef = D3BDB55B26E0965200C53780 /* RegisterLoginBinding.swift */; };
		D3BDB56026E0AC9C00C53780 /* Ref.swift in Sources */ = {isa = PBXBuildFile; fileRef = D3BDB55F26E0AC9C00C53780 /* Ref.swift */; };
		D3BDB56426E0B05D00C53780 /* UserModel.swift in Sources */ = {isa = PBXBuildFile; fileRef = D3BDB56326E0B05D00C53780 /* UserModel.swift */; };
		D3C02CEF26E8A5C800995517 /* Tag.swift in Sources */ = {isa = PBXBuildFile; fileRef = D3C02CEE26E8A5C800995517 /* Tag.swift */; };
		D3C02CF226E8B24A00995517 /* Charts in Frameworks */ = {isa = PBXBuildFile; productRef = D3C02CF126E8B24A00995517 /* Charts */; };
		D3C4E93226E0F0BD00C21E46 /* MyPageUserInfoController.swift in Sources */ = {isa = PBXBuildFile; fileRef = D3C4E93126E0F0BD00C21E46 /* MyPageUserInfoController.swift */; };
		D3C4E93526E0F1BE00C21E46 /* ProfileLabel.swift in Sources */ = {isa = PBXBuildFile; fileRef = D3C4E93426E0F1BE00C21E46 /* ProfileLabel.swift */; };
		D3C4E93726E0F20400C21E46 /* ProfileImageView.swift in Sources */ = {isa = PBXBuildFile; fileRef = D3C4E93626E0F20400C21E46 /* ProfileImageView.swift */; };
		D3C4E93926E0F29300C21E46 /* ProfileTextField.swift in Sources */ = {isa = PBXBuildFile; fileRef = D3C4E93826E0F29300C21E46 /* ProfileTextField.swift */; };
		D3C4E93C26E0F57700C21E46 /* InfoCollectionViewCell.swift in Sources */ = {isa = PBXBuildFile; fileRef = D3C4E93B26E0F57700C21E46 /* InfoCollectionViewCell.swift */; };
		D3C4E93E26E19E1800C21E46 /* MyPageController.swift in Sources */ = {isa = PBXBuildFile; fileRef = D3C4E93D26E19E1800C21E46 /* MyPageController.swift */; };
		D3C4E94026E19EDE00C21E46 /* GroupDetailController.swift in Sources */ = {isa = PBXBuildFile; fileRef = D3C4E93F26E19EDE00C21E46 /* GroupDetailController.swift */; };
		D3C4E94226E1A54000C21E46 /* MakeGroupController.swift in Sources */ = {isa = PBXBuildFile; fileRef = D3C4E94126E1A54000C21E46 /* MakeGroupController.swift */; };
		D3C4E94526E1ACBC00C21E46 /* TeamBinding.swift in Sources */ = {isa = PBXBuildFile; fileRef = D3C4E94426E1ACBC00C21E46 /* TeamBinding.swift */; };
		D3C4E94726E1C2B400C21E46 /* TeamModel.swift in Sources */ = {isa = PBXBuildFile; fileRef = D3C4E94626E1C2B400C21E46 /* TeamModel.swift */; };
		D3C4E94D26E1E9BB00C21E46 /* InviteToTeamController.swift in Sources */ = {isa = PBXBuildFile; fileRef = D3C4E94C26E1E9BB00C21E46 /* InviteToTeamController.swift */; };
		D3C4E94F26E2F78400C21E46 /* InviteCell.swift in Sources */ = {isa = PBXBuildFile; fileRef = D3C4E94E26E2F78400C21E46 /* InviteCell.swift */; };
		D3C4E95726E33A5700C21E46 /* GroupCell.swift in Sources */ = {isa = PBXBuildFile; fileRef = D3C4E95626E33A5700C21E46 /* GroupCell.swift */; };
		D3C4E95C26E38B5500C21E46 /* TeammemberCell.swift in Sources */ = {isa = PBXBuildFile; fileRef = D3C4E95B26E38B5500C21E46 /* TeammemberCell.swift */; };
		D3C4E95E26E3907600C21E46 /* TeammemberCell.xib in Resources */ = {isa = PBXBuildFile; fileRef = D3C4E95D26E3907600C21E46 /* TeammemberCell.xib */; };
		D3CECEE126F2FFDA00B1C498 /* TimeLineController.swift in Sources */ = {isa = PBXBuildFile; fileRef = D3CECEE026F2FFDA00B1C498 /* TimeLineController.swift */; };
		D3CECEE326F3019700B1C498 /* VideoCell.swift in Sources */ = {isa = PBXBuildFile; fileRef = D3CECEE226F3019700B1C498 /* VideoCell.swift */; };
		D3CECEE626F3061700B1C498 /* PostVideoController.swift in Sources */ = {isa = PBXBuildFile; fileRef = D3CECEE526F3061700B1C498 /* PostVideoController.swift */; };
		D3CF6D1126F8AE60007C4DF3 /* CheckPreJoinController.swift in Sources */ = {isa = PBXBuildFile; fileRef = D3CF6D1026F8AE60007C4DF3 /* CheckPreJoinController.swift */; };
		D3CF6D1326F8AE6C007C4DF3 /* CheckJoinController.swift in Sources */ = {isa = PBXBuildFile; fileRef = D3CF6D1226F8AE6C007C4DF3 /* CheckJoinController.swift */; };
		D3D3D37B2721733200E2853A /* BlockController.swift in Sources */ = {isa = PBXBuildFile; fileRef = D3D3D37A2721733200E2853A /* BlockController.swift */; };
		D3D3D37D2721753A00E2853A /* BlockTextView.swift in Sources */ = {isa = PBXBuildFile; fileRef = D3D3D37C2721753A00E2853A /* BlockTextView.swift */; };
		D3D3D37F2721873A00E2853A /* AppExplainController.swift in Sources */ = {isa = PBXBuildFile; fileRef = D3D3D37E2721873A00E2853A /* AppExplainController.swift */; };
		D3DA98BA26F6D8C200DFF8B1 /* EmptyState.swift in Sources */ = {isa = PBXBuildFile; fileRef = D3DA98B926F6D8C200DFF8B1 /* EmptyState.swift */; };
		D3DA98BC26F6E6BA00DFF8B1 /* FriendSearchController.swift in Sources */ = {isa = PBXBuildFile; fileRef = D3DA98BB26F6E6BA00DFF8B1 /* FriendSearchController.swift */; };
		D3DA98BE26F6EAE500DFF8B1 /* FriendSearchCell.swift in Sources */ = {isa = PBXBuildFile; fileRef = D3DA98BD26F6EAE500DFF8B1 /* FriendSearchCell.swift */; };
		D3DA98C026F7357100DFF8B1 /* GroupChatController.swift in Sources */ = {isa = PBXBuildFile; fileRef = D3DA98BF26F7357100DFF8B1 /* GroupChatController.swift */; };
		D3DA98C226F754D000DFF8B1 /* GroupChatModel.swift in Sources */ = {isa = PBXBuildFile; fileRef = D3DA98C126F754D000DFF8B1 /* GroupChatModel.swift */; };
		D3DA98C426F80A0100DFF8B1 /* XLPagerController.swift in Sources */ = {isa = PBXBuildFile; fileRef = D3DA98C326F80A0100DFF8B1 /* XLPagerController.swift */; };
		D3F860212725064300085ABD /* SearchDetailGroupController.swift in Sources */ = {isa = PBXBuildFile; fileRef = D3F860202725064300085ABD /* SearchDetailGroupController.swift */; };
		D3F860782727AF7F00085ABD /* GroupSearchListController.swift in Sources */ = {isa = PBXBuildFile; fileRef = D3F860772727AF7E00085ABD /* GroupSearchListController.swift */; };
		D3F8607A2727EEDF00085ABD /* FirebaseError.swift in Sources */ = {isa = PBXBuildFile; fileRef = D3F860792727EEDF00085ABD /* FirebaseError.swift */; };
		D3FD194326E3A26700B6740E /* UserDetailController.swift in Sources */ = {isa = PBXBuildFile; fileRef = D3FD194226E3A26700B6740E /* UserDetailController.swift */; };
		D3FD194D26E4791500B6740E /* GroupCell.xib in Resources */ = {isa = PBXBuildFile; fileRef = D3FD194C26E4791500B6740E /* GroupCell.xib */; };
		D3FD194F26E482C200B6740E /* MakeEventController.swift in Sources */ = {isa = PBXBuildFile; fileRef = D3FD194E26E482C200B6740E /* MakeEventController.swift */; };
		D3FD195126E4993A00B6740E /* EventBinding.swift in Sources */ = {isa = PBXBuildFile; fileRef = D3FD195026E4993A00B6740E /* EventBinding.swift */; };
		D3FD195326E4C32C00B6740E /* EventModel.swift in Sources */ = {isa = PBXBuildFile; fileRef = D3FD195226E4C32C00B6740E /* EventModel.swift */; };
		D3FD195526E4CAC900B6740E /* EventTagController.swift in Sources */ = {isa = PBXBuildFile; fileRef = D3FD195426E4CAC900B6740E /* EventTagController.swift */; };
		D3FFD325271EB86400DE54ED /* FirebaseAuth-Service.swift in Sources */ = {isa = PBXBuildFile; fileRef = D3FFD324271EB86400DE54ED /* FirebaseAuth-Service.swift */; };
		D3FFD328271EBC9200DE54ED /* User-Service.swift in Sources */ = {isa = PBXBuildFile; fileRef = D3FFD327271EBC9200DE54ED /* User-Service.swift */; };
		D3FFD32A271EBECD00DE54ED /* Delete-Service.swift in Sources */ = {isa = PBXBuildFile; fileRef = D3FFD329271EBECD00DE54ED /* Delete-Service.swift */; };
		D3FFD32C271EC01600DE54ED /* Team-Service.swift in Sources */ = {isa = PBXBuildFile; fileRef = D3FFD32B271EC01600DE54ED /* Team-Service.swift */; };
		D3FFD32E271EC4BD00DE54ED /* Event-Service.swift in Sources */ = {isa = PBXBuildFile; fileRef = D3FFD32D271EC4BD00DE54ED /* Event-Service.swift */; };
		D3FFD330271EC6E000DE54ED /* ChatRoom-Service.swift in Sources */ = {isa = PBXBuildFile; fileRef = D3FFD32F271EC6E000DE54ED /* ChatRoom-Service.swift */; };
		D3FFD332271EDAC300DE54ED /* Stroage-Service.swift in Sources */ = {isa = PBXBuildFile; fileRef = D3FFD331271EDAC300DE54ED /* Stroage-Service.swift */; };
		D3FFD334271EDCC300DE54ED /* Join-Service.swift in Sources */ = {isa = PBXBuildFile; fileRef = D3FFD333271EDCC300DE54ED /* Join-Service.swift */; };
		D3FFD33A271F9B9F00DE54ED /* VideoPopoverController.swift in Sources */ = {isa = PBXBuildFile; fileRef = D3FFD339271F9B9F00DE54ED /* VideoPopoverController.swift */; };
		D3FFD33C271F9FB400DE54ED /* UpdateTeamController.swift in Sources */ = {isa = PBXBuildFile; fileRef = D3FFD33B271F9FB400DE54ED /* UpdateTeamController.swift */; };
		D3FFD3402720253100DE54ED /* BlockSheet.swift in Sources */ = {isa = PBXBuildFile; fileRef = D3FFD33F2720252E00DE54ED /* BlockSheet.swift */; };
		D3FFD34227203FD900DE54ED /* BlockCell.swift in Sources */ = {isa = PBXBuildFile; fileRef = D3FFD34127203FD900DE54ED /* BlockCell.swift */; };
		D3FFD3442721043800DE54ED /* Block-Service.swift in Sources */ = {isa = PBXBuildFile; fileRef = D3FFD3432721043800DE54ED /* Block-Service.swift */; };
/* End PBXBuildFile section */

/* Begin PBXFileReference section */
		179A38C4CE9A5788447F9009 /* Pods-BadHouseApp.debug.xcconfig */ = {isa = PBXFileReference; includeInIndex = 1; lastKnownFileType = text.xcconfig; name = "Pods-BadHouseApp.debug.xcconfig"; path = "Target Support Files/Pods-BadHouseApp/Pods-BadHouseApp.debug.xcconfig"; sourceTree = "<group>"; };
		B38755E5F33A751CC5955591 /* Pods_BadHouseApp.framework */ = {isa = PBXFileReference; explicitFileType = wrapper.framework; includeInIndex = 0; path = Pods_BadHouseApp.framework; sourceTree = BUILT_PRODUCTS_DIR; };
		D30B7938270090EA0086456E /* ChatRoom.swift */ = {isa = PBXFileReference; lastKnownFileType = sourcecode.swift; path = ChatRoom.swift; sourceTree = "<group>"; };
		D30B793B2700A5940086456E /* NotificationUtil.swift */ = {isa = PBXFileReference; lastKnownFileType = sourcecode.swift; path = NotificationUtil.swift; sourceTree = "<group>"; };
		D31C1633272B5E0800A94FC6 /* ja */ = {isa = PBXFileReference; lastKnownFileType = text.plist.strings; name = ja; path = ja.lproj/Main.strings; sourceTree = "<group>"; };
		D31C1634272B5E0A00A94FC6 /* ja */ = {isa = PBXFileReference; lastKnownFileType = text.plist.strings; name = ja; path = ja.lproj/LaunchScreen.strings; sourceTree = "<group>"; };
		D31C163A272B64CA00A94FC6 /* ja */ = {isa = PBXFileReference; lastKnownFileType = file.storyboard; name = ja; path = ja.lproj/LaunchScreen.storyboard; sourceTree = "<group>"; };
		D31C163B272B64CE00A94FC6 /* ja */ = {isa = PBXFileReference; lastKnownFileType = file.storyboard; name = ja; path = ja.lproj/Main.storyboard; sourceTree = "<group>"; };
		D31C163C272B78AA00A94FC6 /* RuleController.swift */ = {isa = PBXFileReference; lastKnownFileType = sourcecode.swift; path = RuleController.swift; sourceTree = "<group>"; };
		D31DC6B0272A6DE000BD2951 /* NetworkUtil.swift */ = {isa = PBXFileReference; lastKnownFileType = sourcecode.swift; path = NetworkUtil.swift; sourceTree = "<group>"; };
		D330032526E61A2E00208525 /* MyPageInfoPopoverController.swift */ = {isa = PBXFileReference; lastKnownFileType = sourcecode.swift; path = MyPageInfoPopoverController.swift; sourceTree = "<group>"; };
		D330032726E7013900208525 /* MyLevelController.swift */ = {isa = PBXFileReference; lastKnownFileType = sourcecode.swift; path = MyLevelController.swift; sourceTree = "<group>"; };
		D33B018127466108004ED650 /* Calendar.storyboard */ = {isa = PBXFileReference; fileEncoding = 4; lastKnownFileType = file.storyboard; name = Calendar.storyboard; path = BadHouseApp/Calendar.storyboard; sourceTree = SOURCE_ROOT; };
		D33B0183274661D2004ED650 /* Map.storyboard */ = {isa = PBXFileReference; fileEncoding = 4; lastKnownFileType = file.storyboard; name = Map.storyboard; path = BadHouseApp/Map.storyboard; sourceTree = SOURCE_ROOT; };
		D33B018527466297004ED650 /* DetailSearch.storyboard */ = {isa = PBXFileReference; fileEncoding = 4; lastKnownFileType = file.storyboard; name = DetailSearch.storyboard; path = BadHouseApp/DetailSearch.storyboard; sourceTree = SOURCE_ROOT; };
		D33B018727466A98004ED650 /* LevelDetail.storyboard */ = {isa = PBXFileReference; fileEncoding = 4; lastKnownFileType = file.storyboard; path = LevelDetail.storyboard; sourceTree = "<group>"; };
		D33B018927466CF0004ED650 /* Tornament.storyboard */ = {isa = PBXFileReference; fileEncoding = 4; lastKnownFileType = file.storyboard; path = Tornament.storyboard; sourceTree = SOURCE_ROOT; };
		D33B018B27467009004ED650 /* MyUserInfo.storyboard */ = {isa = PBXFileReference; fileEncoding = 4; lastKnownFileType = file.storyboard; name = MyUserInfo.storyboard; path = BadHouseApp/MyUserInfo.storyboard; sourceTree = SOURCE_ROOT; };
		D33B018F27467437004ED650 /* XLPager.storyboard */ = {isa = PBXFileReference; fileEncoding = 4; lastKnownFileType = file.storyboard; name = XLPager.storyboard; path = BadHouseApp/XLPager.storyboard; sourceTree = SOURCE_ROOT; };
		D33B019127467836004ED650 /* TimeLine.storyboard */ = {isa = PBXFileReference; fileEncoding = 4; lastKnownFileType = file.storyboard; name = TimeLine.storyboard; path = BadHouseApp/TimeLine.storyboard; sourceTree = SOURCE_ROOT; };
		D33B019327467922004ED650 /* FriendSearch.storyboard */ = {isa = PBXFileReference; fileEncoding = 4; lastKnownFileType = file.storyboard; name = FriendSearch.storyboard; path = BadHouseApp/FriendSearch.storyboard; sourceTree = SOURCE_ROOT; };
		D34852B526FD3EBD0027592A /* PreJoin.swift */ = {isa = PBXFileReference; lastKnownFileType = sourcecode.swift; path = PreJoin.swift; sourceTree = "<group>"; };
		D353D8D926F05B9600221B7D /* DMChatController.swift */ = {isa = PBXFileReference; lastKnownFileType = sourcecode.swift; path = DMChatController.swift; sourceTree = "<group>"; };
		D353D8E026F1621F00221B7D /* ChatCell.swift */ = {isa = PBXFileReference; lastKnownFileType = sourcecode.swift; path = ChatCell.swift; sourceTree = "<group>"; };
		D353D8E126F1621F00221B7D /* ChatCell.xib */ = {isa = PBXFileReference; lastKnownFileType = file.xib; path = ChatCell.xib; sourceTree = "<group>"; };
		D353D8E926F21A4F00221B7D /* Chat.swift */ = {isa = PBXFileReference; lastKnownFileType = sourcecode.swift; path = Chat.swift; sourceTree = "<group>"; };
		D37FA52726EB091300B8559F /* EventInfoCell.swift */ = {isa = PBXFileReference; lastKnownFileType = sourcecode.swift; path = EventInfoCell.swift; sourceTree = "<group>"; };
		D37FA52826EB091300B8559F /* CollectionViewCell.xib */ = {isa = PBXFileReference; lastKnownFileType = file.xib; path = CollectionViewCell.xib; sourceTree = "<group>"; };
		D37FA52B26EB4AD900B8559F /* EventDetailController.swift */ = {isa = PBXFileReference; lastKnownFileType = sourcecode.swift; path = EventDetailController.swift; sourceTree = "<group>"; };
		D38807D126FF149000D3AB7F /* LevelDetailViewController.swift */ = {isa = PBXFileReference; lastKnownFileType = sourcecode.swift; path = LevelDetailViewController.swift; sourceTree = "<group>"; };
		D388F0EF27105AF900ACA6B8 /* SubUserDetailController.swift */ = {isa = PBXFileReference; lastKnownFileType = sourcecode.swift; path = SubUserDetailController.swift; sourceTree = "<group>"; };
		D388F0F127107A2A00ACA6B8 /* WalkThroughController.swift */ = {isa = PBXFileReference; lastKnownFileType = sourcecode.swift; path = WalkThroughController.swift; sourceTree = "<group>"; };
		D3976EF0270337F40016CEB2 /* InputView.swift */ = {isa = PBXFileReference; lastKnownFileType = sourcecode.swift; path = InputView.swift; sourceTree = "<group>"; };
		D3977166270959A70025BE19 /* TornamentListController.swift */ = {isa = PBXFileReference; lastKnownFileType = sourcecode.swift; path = TornamentListController.swift; sourceTree = "<group>"; };
		D3977168270961E40025BE19 /* TornamentDetailController.swift */ = {isa = PBXFileReference; lastKnownFileType = sourcecode.swift; path = TornamentDetailController.swift; sourceTree = "<group>"; };
		D39771712709D1D40025BE19 /* MyScheduleController.swift */ = {isa = PBXFileReference; lastKnownFileType = sourcecode.swift; path = MyScheduleController.swift; sourceTree = "<group>"; };
		D3A789CF26F414310088E8BC /* PlusTeamPlayerController.swift */ = {isa = PBXFileReference; lastKnownFileType = sourcecode.swift; path = PlusTeamPlayerController.swift; sourceTree = "<group>"; };
		D3A789D126F416E10088E8BC /* PlusTeamPlayersCell.swift */ = {isa = PBXFileReference; lastKnownFileType = sourcecode.swift; path = PlusTeamPlayersCell.swift; sourceTree = "<group>"; };
		D3A789D426F439A40088E8BC /* TalkController.swift */ = {isa = PBXFileReference; lastKnownFileType = sourcecode.swift; path = TalkController.swift; sourceTree = "<group>"; };
		D3A789D826F5DD8C0088E8BC /* Extensions.swift */ = {isa = PBXFileReference; lastKnownFileType = sourcecode.swift; path = Extensions.swift; sourceTree = "<group>"; };
		D3A82BA427040C8100DDB4FC /* VideoCameraController.swift */ = {isa = PBXFileReference; lastKnownFileType = sourcecode.swift; path = VideoCameraController.swift; sourceTree = "<group>"; };
		D3A82BA62704136E00DDB4FC /* VideoModel.swift */ = {isa = PBXFileReference; lastKnownFileType = sourcecode.swift; path = VideoModel.swift; sourceTree = "<group>"; };
		D3A82BAF2707357800DDB4FC /* GroupSearchController.swift */ = {isa = PBXFileReference; lastKnownFileType = sourcecode.swift; path = GroupSearchController.swift; sourceTree = "<group>"; };
		D3AC05E626EB82E300F40A51 /* MapViewController.swift */ = {isa = PBXFileReference; lastKnownFileType = sourcecode.swift; path = MapViewController.swift; sourceTree = "<group>"; };
		D3AC05E826ED763000F40A51 /* SearchCalendarController.swift */ = {isa = PBXFileReference; lastKnownFileType = sourcecode.swift; path = SearchCalendarController.swift; sourceTree = "<group>"; };
		D3AC05EA26ED9C8800F40A51 /* DetailSearchController.swift */ = {isa = PBXFileReference; lastKnownFileType = sourcecode.swift; path = DetailSearchController.swift; sourceTree = "<group>"; };
		D3AC05EC26EE274100F40A51 /* DateUtil.swift */ = {isa = PBXFileReference; lastKnownFileType = sourcecode.swift; path = DateUtil.swift; sourceTree = "<group>"; };
		D3AC05EF26EE284F00F40A51 /* FetchData.swift */ = {isa = PBXFileReference; lastKnownFileType = sourcecode.swift; path = FetchData.swift; sourceTree = "<group>"; };
		D3BDB52426E0525100C53780 /* BadHouseApp.app */ = {isa = PBXFileReference; explicitFileType = wrapper.application; includeInIndex = 0; path = BadHouseApp.app; sourceTree = BUILT_PRODUCTS_DIR; };
		D3BDB52726E0525100C53780 /* AppDelegate.swift */ = {isa = PBXFileReference; lastKnownFileType = sourcecode.swift; path = AppDelegate.swift; sourceTree = "<group>"; };
		D3BDB52926E0525100C53780 /* SceneDelegate.swift */ = {isa = PBXFileReference; lastKnownFileType = sourcecode.swift; path = SceneDelegate.swift; sourceTree = "<group>"; };
		D3BDB52B26E0525100C53780 /* HomeViewController.swift */ = {isa = PBXFileReference; lastKnownFileType = sourcecode.swift; path = HomeViewController.swift; sourceTree = "<group>"; };
		D3BDB53026E0525200C53780 /* Assets.xcassets */ = {isa = PBXFileReference; lastKnownFileType = folder.assetcatalog; path = Assets.xcassets; sourceTree = "<group>"; };
		D3BDB53526E0525200C53780 /* Info.plist */ = {isa = PBXFileReference; lastKnownFileType = text.plist.xml; path = Info.plist; sourceTree = "<group>"; };
		D3BDB54026E0546000C53780 /* RegisterViewController.swift */ = {isa = PBXFileReference; lastKnownFileType = sourcecode.swift; path = RegisterViewController.swift; sourceTree = "<group>"; };
		D3BDB54326E0547300C53780 /* LoginViewController.swift */ = {isa = PBXFileReference; lastKnownFileType = sourcecode.swift; path = LoginViewController.swift; sourceTree = "<group>"; };
		D3BDB54526E055C900C53780 /* Constants.swift */ = {isa = PBXFileReference; lastKnownFileType = sourcecode.swift; path = Constants.swift; sourceTree = "<group>"; };
		D3BDB54726E0590800C53780 /* GoogleService-Info.plist */ = {isa = PBXFileReference; fileEncoding = 4; lastKnownFileType = text.plist.xml; path = "GoogleService-Info.plist"; sourceTree = "<group>"; };
		D3BDB55026E05DD100C53780 /* RegisterTitleLabel.swift */ = {isa = PBXFileReference; lastKnownFileType = sourcecode.swift; path = RegisterTitleLabel.swift; sourceTree = "<group>"; };
		D3BDB55226E05E7A00C53780 /* Anchor-Extension.swift */ = {isa = PBXFileReference; lastKnownFileType = sourcecode.swift; path = "Anchor-Extension.swift"; sourceTree = "<group>"; };
		D3BDB55426E062E700C53780 /* RegisterTextField.swift */ = {isa = PBXFileReference; lastKnownFileType = sourcecode.swift; path = RegisterTextField.swift; sourceTree = "<group>"; };
		D3BDB55626E0644E00C53780 /* UIButton-Extension.swift */ = {isa = PBXFileReference; lastKnownFileType = sourcecode.swift; path = "UIButton-Extension.swift"; sourceTree = "<group>"; };
		D3BDB55826E066CF00C53780 /* RegisterButton.swift */ = {isa = PBXFileReference; lastKnownFileType = sourcecode.swift; path = RegisterButton.swift; sourceTree = "<group>"; };
		D3BDB55B26E0965200C53780 /* RegisterLoginBinding.swift */ = {isa = PBXFileReference; lastKnownFileType = sourcecode.swift; path = RegisterLoginBinding.swift; sourceTree = "<group>"; };
		D3BDB55F26E0AC9C00C53780 /* Ref.swift */ = {isa = PBXFileReference; lastKnownFileType = sourcecode.swift; path = Ref.swift; sourceTree = "<group>"; };
		D3BDB56326E0B05D00C53780 /* UserModel.swift */ = {isa = PBXFileReference; lastKnownFileType = sourcecode.swift; path = UserModel.swift; sourceTree = "<group>"; };
		D3C02CEE26E8A5C800995517 /* Tag.swift */ = {isa = PBXFileReference; lastKnownFileType = sourcecode.swift; path = Tag.swift; sourceTree = "<group>"; };
		D3C4E93126E0F0BD00C21E46 /* MyPageUserInfoController.swift */ = {isa = PBXFileReference; lastKnownFileType = sourcecode.swift; path = MyPageUserInfoController.swift; sourceTree = "<group>"; };
		D3C4E93426E0F1BE00C21E46 /* ProfileLabel.swift */ = {isa = PBXFileReference; lastKnownFileType = sourcecode.swift; path = ProfileLabel.swift; sourceTree = "<group>"; };
		D3C4E93626E0F20400C21E46 /* ProfileImageView.swift */ = {isa = PBXFileReference; lastKnownFileType = sourcecode.swift; path = ProfileImageView.swift; sourceTree = "<group>"; };
		D3C4E93826E0F29300C21E46 /* ProfileTextField.swift */ = {isa = PBXFileReference; lastKnownFileType = sourcecode.swift; path = ProfileTextField.swift; sourceTree = "<group>"; };
		D3C4E93B26E0F57700C21E46 /* InfoCollectionViewCell.swift */ = {isa = PBXFileReference; lastKnownFileType = sourcecode.swift; path = InfoCollectionViewCell.swift; sourceTree = "<group>"; };
		D3C4E93D26E19E1800C21E46 /* MyPageController.swift */ = {isa = PBXFileReference; lastKnownFileType = sourcecode.swift; path = MyPageController.swift; sourceTree = "<group>"; };
		D3C4E93F26E19EDE00C21E46 /* GroupDetailController.swift */ = {isa = PBXFileReference; lastKnownFileType = sourcecode.swift; path = GroupDetailController.swift; sourceTree = "<group>"; };
		D3C4E94126E1A54000C21E46 /* MakeGroupController.swift */ = {isa = PBXFileReference; lastKnownFileType = sourcecode.swift; path = MakeGroupController.swift; sourceTree = "<group>"; };
		D3C4E94426E1ACBC00C21E46 /* TeamBinding.swift */ = {isa = PBXFileReference; lastKnownFileType = sourcecode.swift; path = TeamBinding.swift; sourceTree = "<group>"; };
		D3C4E94626E1C2B400C21E46 /* TeamModel.swift */ = {isa = PBXFileReference; lastKnownFileType = sourcecode.swift; path = TeamModel.swift; sourceTree = "<group>"; };
		D3C4E94C26E1E9BB00C21E46 /* InviteToTeamController.swift */ = {isa = PBXFileReference; lastKnownFileType = sourcecode.swift; path = InviteToTeamController.swift; sourceTree = "<group>"; };
		D3C4E94E26E2F78400C21E46 /* InviteCell.swift */ = {isa = PBXFileReference; lastKnownFileType = sourcecode.swift; path = InviteCell.swift; sourceTree = "<group>"; };
		D3C4E95626E33A5700C21E46 /* GroupCell.swift */ = {isa = PBXFileReference; lastKnownFileType = sourcecode.swift; path = GroupCell.swift; sourceTree = "<group>"; };
		D3C4E95B26E38B5500C21E46 /* TeammemberCell.swift */ = {isa = PBXFileReference; lastKnownFileType = sourcecode.swift; path = TeammemberCell.swift; sourceTree = "<group>"; };
		D3C4E95D26E3907600C21E46 /* TeammemberCell.xib */ = {isa = PBXFileReference; lastKnownFileType = file.xib; path = TeammemberCell.xib; sourceTree = "<group>"; };
		D3CECEE026F2FFDA00B1C498 /* TimeLineController.swift */ = {isa = PBXFileReference; lastKnownFileType = sourcecode.swift; path = TimeLineController.swift; sourceTree = "<group>"; };
		D3CECEE226F3019700B1C498 /* VideoCell.swift */ = {isa = PBXFileReference; lastKnownFileType = sourcecode.swift; path = VideoCell.swift; sourceTree = "<group>"; };
		D3CECEE526F3061700B1C498 /* PostVideoController.swift */ = {isa = PBXFileReference; lastKnownFileType = sourcecode.swift; path = PostVideoController.swift; sourceTree = "<group>"; };
		D3CF6D1026F8AE60007C4DF3 /* CheckPreJoinController.swift */ = {isa = PBXFileReference; lastKnownFileType = sourcecode.swift; path = CheckPreJoinController.swift; sourceTree = "<group>"; };
		D3CF6D1226F8AE6C007C4DF3 /* CheckJoinController.swift */ = {isa = PBXFileReference; lastKnownFileType = sourcecode.swift; path = CheckJoinController.swift; sourceTree = "<group>"; };
		D3D3D37A2721733200E2853A /* BlockController.swift */ = {isa = PBXFileReference; lastKnownFileType = sourcecode.swift; path = BlockController.swift; sourceTree = "<group>"; };
		D3D3D37C2721753A00E2853A /* BlockTextView.swift */ = {isa = PBXFileReference; lastKnownFileType = sourcecode.swift; path = BlockTextView.swift; sourceTree = "<group>"; };
		D3D3D37E2721873A00E2853A /* AppExplainController.swift */ = {isa = PBXFileReference; lastKnownFileType = sourcecode.swift; path = AppExplainController.swift; sourceTree = "<group>"; };
		D3D3D380272194D100E2853A /* BadHouseApp.entitlements */ = {isa = PBXFileReference; lastKnownFileType = text.plist.entitlements; path = BadHouseApp.entitlements; sourceTree = "<group>"; };
		D3DA98B926F6D8C200DFF8B1 /* EmptyState.swift */ = {isa = PBXFileReference; lastKnownFileType = sourcecode.swift; path = EmptyState.swift; sourceTree = "<group>"; };
		D3DA98BB26F6E6BA00DFF8B1 /* FriendSearchController.swift */ = {isa = PBXFileReference; lastKnownFileType = sourcecode.swift; path = FriendSearchController.swift; sourceTree = "<group>"; };
		D3DA98BD26F6EAE500DFF8B1 /* FriendSearchCell.swift */ = {isa = PBXFileReference; lastKnownFileType = sourcecode.swift; path = FriendSearchCell.swift; sourceTree = "<group>"; };
		D3DA98BF26F7357100DFF8B1 /* GroupChatController.swift */ = {isa = PBXFileReference; lastKnownFileType = sourcecode.swift; path = GroupChatController.swift; sourceTree = "<group>"; };
		D3DA98C126F754D000DFF8B1 /* GroupChatModel.swift */ = {isa = PBXFileReference; lastKnownFileType = sourcecode.swift; path = GroupChatModel.swift; sourceTree = "<group>"; };
		D3DA98C326F80A0100DFF8B1 /* XLPagerController.swift */ = {isa = PBXFileReference; lastKnownFileType = sourcecode.swift; path = XLPagerController.swift; sourceTree = "<group>"; };
		D3F860202725064300085ABD /* SearchDetailGroupController.swift */ = {isa = PBXFileReference; lastKnownFileType = sourcecode.swift; path = SearchDetailGroupController.swift; sourceTree = "<group>"; };
		D3F860772727AF7E00085ABD /* GroupSearchListController.swift */ = {isa = PBXFileReference; lastKnownFileType = sourcecode.swift; path = GroupSearchListController.swift; sourceTree = "<group>"; };
		D3F860792727EEDF00085ABD /* FirebaseError.swift */ = {isa = PBXFileReference; lastKnownFileType = sourcecode.swift; path = FirebaseError.swift; sourceTree = "<group>"; };
		D3FD194226E3A26700B6740E /* UserDetailController.swift */ = {isa = PBXFileReference; lastKnownFileType = sourcecode.swift; path = UserDetailController.swift; sourceTree = "<group>"; };
		D3FD194C26E4791500B6740E /* GroupCell.xib */ = {isa = PBXFileReference; lastKnownFileType = file.xib; path = GroupCell.xib; sourceTree = "<group>"; };
		D3FD194E26E482C200B6740E /* MakeEventController.swift */ = {isa = PBXFileReference; lastKnownFileType = sourcecode.swift; path = MakeEventController.swift; sourceTree = "<group>"; };
		D3FD195026E4993A00B6740E /* EventBinding.swift */ = {isa = PBXFileReference; lastKnownFileType = sourcecode.swift; path = EventBinding.swift; sourceTree = "<group>"; };
		D3FD195226E4C32C00B6740E /* EventModel.swift */ = {isa = PBXFileReference; lastKnownFileType = sourcecode.swift; path = EventModel.swift; sourceTree = "<group>"; };
		D3FD195426E4CAC900B6740E /* EventTagController.swift */ = {isa = PBXFileReference; lastKnownFileType = sourcecode.swift; path = EventTagController.swift; sourceTree = "<group>"; };
		D3FFD324271EB86400DE54ED /* FirebaseAuth-Service.swift */ = {isa = PBXFileReference; lastKnownFileType = sourcecode.swift; path = "FirebaseAuth-Service.swift"; sourceTree = "<group>"; };
		D3FFD327271EBC9200DE54ED /* User-Service.swift */ = {isa = PBXFileReference; lastKnownFileType = sourcecode.swift; path = "User-Service.swift"; sourceTree = "<group>"; };
		D3FFD329271EBECD00DE54ED /* Delete-Service.swift */ = {isa = PBXFileReference; lastKnownFileType = sourcecode.swift; path = "Delete-Service.swift"; sourceTree = "<group>"; };
		D3FFD32B271EC01600DE54ED /* Team-Service.swift */ = {isa = PBXFileReference; lastKnownFileType = sourcecode.swift; path = "Team-Service.swift"; sourceTree = "<group>"; };
		D3FFD32D271EC4BD00DE54ED /* Event-Service.swift */ = {isa = PBXFileReference; lastKnownFileType = sourcecode.swift; path = "Event-Service.swift"; sourceTree = "<group>"; };
		D3FFD32F271EC6E000DE54ED /* ChatRoom-Service.swift */ = {isa = PBXFileReference; lastKnownFileType = sourcecode.swift; path = "ChatRoom-Service.swift"; sourceTree = "<group>"; };
		D3FFD331271EDAC300DE54ED /* Stroage-Service.swift */ = {isa = PBXFileReference; lastKnownFileType = sourcecode.swift; path = "Stroage-Service.swift"; sourceTree = "<group>"; };
		D3FFD333271EDCC300DE54ED /* Join-Service.swift */ = {isa = PBXFileReference; lastKnownFileType = sourcecode.swift; path = "Join-Service.swift"; sourceTree = "<group>"; };
		D3FFD339271F9B9F00DE54ED /* VideoPopoverController.swift */ = {isa = PBXFileReference; lastKnownFileType = sourcecode.swift; path = VideoPopoverController.swift; sourceTree = "<group>"; };
		D3FFD33B271F9FB400DE54ED /* UpdateTeamController.swift */ = {isa = PBXFileReference; lastKnownFileType = sourcecode.swift; path = UpdateTeamController.swift; sourceTree = "<group>"; };
		D3FFD33F2720252E00DE54ED /* BlockSheet.swift */ = {isa = PBXFileReference; lastKnownFileType = sourcecode.swift; path = BlockSheet.swift; sourceTree = "<group>"; };
		D3FFD34127203FD900DE54ED /* BlockCell.swift */ = {isa = PBXFileReference; lastKnownFileType = sourcecode.swift; path = BlockCell.swift; sourceTree = "<group>"; };
		D3FFD3432721043800DE54ED /* Block-Service.swift */ = {isa = PBXFileReference; lastKnownFileType = sourcecode.swift; path = "Block-Service.swift"; sourceTree = "<group>"; };
		EC305325AEAC331B24E51D2A /* Pods-BadHouseApp.release.xcconfig */ = {isa = PBXFileReference; includeInIndex = 1; lastKnownFileType = text.xcconfig; name = "Pods-BadHouseApp.release.xcconfig"; path = "Target Support Files/Pods-BadHouseApp/Pods-BadHouseApp.release.xcconfig"; sourceTree = "<group>"; };
/* End PBXFileReference section */

/* Begin PBXFrameworksBuildPhase section */
		D3BDB52126E0525100C53780 /* Frameworks */ = {
			isa = PBXFrameworksBuildPhase;
			buildActionMask = 2147483647;
			files = (
				D3BDB54D26E0598C00C53780 /* RxSwift in Frameworks */,
				D3BDB54B26E0598C00C53780 /* RxCocoa in Frameworks */,
				2F43C7F339CC617506877AF3 /* Pods_BadHouseApp.framework in Frameworks */,
				D3C02CF226E8B24A00995517 /* Charts in Frameworks */,
			);
			runOnlyForDeploymentPostprocessing = 0;
		};
/* End PBXFrameworksBuildPhase section */

/* Begin PBXGroup section */
		A38EBCCD1805D889F56FAD63 /* Frameworks */ = {
			isa = PBXGroup;
			children = (
				B38755E5F33A751CC5955591 /* Pods_BadHouseApp.framework */,
			);
			name = Frameworks;
			sourceTree = "<group>";
		};
		D353D8E426F16C2F00221B7D /* Xib */ = {
			isa = PBXGroup;
			children = (
				D3C4E95D26E3907600C21E46 /* TeammemberCell.xib */,
				D3FD194C26E4791500B6740E /* GroupCell.xib */,
				D353D8E126F1621F00221B7D /* ChatCell.xib */,
				D37FA52826EB091300B8559F /* CollectionViewCell.xib */,
			);
			path = Xib;
			sourceTree = "<group>";
		};
		D37FA52526EAFD5700B8559F /* User */ = {
			isa = PBXGroup;
			children = (
				D330032726E7013900208525 /* MyLevelController.swift */,
				D330032526E61A2E00208525 /* MyPageInfoPopoverController.swift */,
				D3C4E93126E0F0BD00C21E46 /* MyPageUserInfoController.swift */,
				D3DA98BB26F6E6BA00DFF8B1 /* FriendSearchController.swift */,
				D3D3D37E2721873A00E2853A /* AppExplainController.swift */,
			);
			path = User;
			sourceTree = "<group>";
		};
		D37FA52626EAFDAE00B8559F /* Event */ = {
			isa = PBXGroup;
			children = (
				D3FD195426E4CAC900B6740E /* EventTagController.swift */,
				D3FD194E26E482C200B6740E /* MakeEventController.swift */,
				D37FA52B26EB4AD900B8559F /* EventDetailController.swift */,
				D3AC05E626EB82E300F40A51 /* MapViewController.swift */,
				D38807D126FF149000D3AB7F /* LevelDetailViewController.swift */,
			);
			path = Event;
			sourceTree = "<group>";
		};
		D3976EEF270337580016CEB2 /* Stroyboard */ = {
			isa = PBXGroup;
			children = (
				D33B019327467922004ED650 /* FriendSearch.storyboard */,
				D33B019127467836004ED650 /* TimeLine.storyboard */,
				D33B018F27467437004ED650 /* XLPager.storyboard */,
				D33B018B27467009004ED650 /* MyUserInfo.storyboard */,
				D33B018927466CF0004ED650 /* Tornament.storyboard */,
				D33B018727466A98004ED650 /* LevelDetail.storyboard */,
				D33B018527466297004ED650 /* DetailSearch.storyboard */,
				D33B0183274661D2004ED650 /* Map.storyboard */,
				D33B018127466108004ED650 /* Calendar.storyboard */,
				D3BDB52D26E0525100C53780 /* Main.storyboard */,
				D3BDB53226E0525200C53780 /* LaunchScreen.storyboard */,
			);
			path = Stroyboard;
			sourceTree = "<group>";
		};
		D3A789D326F4396A0088E8BC /* ChatList */ = {
			isa = PBXGroup;
			children = (
				D3CF6D1026F8AE60007C4DF3 /* CheckPreJoinController.swift */,
				D3CF6D1226F8AE6C007C4DF3 /* CheckJoinController.swift */,
				D3A789D426F439A40088E8BC /* TalkController.swift */,
				D3DA98C326F80A0100DFF8B1 /* XLPagerController.swift */,
				D3DA98BF26F7357100DFF8B1 /* GroupChatController.swift */,
				D353D8D926F05B9600221B7D /* DMChatController.swift */,
				D39771712709D1D40025BE19 /* MyScheduleController.swift */,
			);
			path = ChatList;
			sourceTree = "<group>";
		};
		D3AC05EE26EE279D00F40A51 /* ConstantsAndUtil */ = {
			isa = PBXGroup;
			children = (
				D3BDB54526E055C900C53780 /* Constants.swift */,
				D3BDB55F26E0AC9C00C53780 /* Ref.swift */,
				D3AC05EC26EE274100F40A51 /* DateUtil.swift */,
				D30B793B2700A5940086456E /* NotificationUtil.swift */,
				D3DA98B926F6D8C200DFF8B1 /* EmptyState.swift */,
				D31DC6B0272A6DE000BD2951 /* NetworkUtil.swift */,
			);
			path = ConstantsAndUtil;
			sourceTree = "<group>";
		};
		D3BDB51B26E0525100C53780 = {
			isa = PBXGroup;
			children = (
				D3BDB52626E0525100C53780 /* BadHouseApp */,
				D3BDB52526E0525100C53780 /* Products */,
				EAB088E43E3400410089E7E8 /* Pods */,
				A38EBCCD1805D889F56FAD63 /* Frameworks */,
			);
			sourceTree = "<group>";
		};
		D3BDB52526E0525100C53780 /* Products */ = {
			isa = PBXGroup;
			children = (
				D3BDB52426E0525100C53780 /* BadHouseApp.app */,
			);
			name = Products;
			sourceTree = "<group>";
		};
		D3BDB52626E0525100C53780 /* BadHouseApp */ = {
			isa = PBXGroup;
			children = (
				D3D3D380272194D100E2853A /* BadHouseApp.entitlements */,
				D3BDB52726E0525100C53780 /* AppDelegate.swift */,
				D3BDB52926E0525100C53780 /* SceneDelegate.swift */,
				D3BDB53E26E0542900C53780 /* Views */,
				D3BDB53D26E0541E00C53780 /* Controller */,
				D3BDB53C26E0541100C53780 /* Utility */,
				D3BDB53B26E0540C00C53780 /* Models */,
				D3BDB53026E0525200C53780 /* Assets.xcassets */,
				D3BDB53526E0525200C53780 /* Info.plist */,
				D3BDB54726E0590800C53780 /* GoogleService-Info.plist */,
			);
			path = BadHouseApp;
			sourceTree = "<group>";
		};
		D3BDB53B26E0540C00C53780 /* Models */ = {
			isa = PBXGroup;
			children = (
				D3DA98C126F754D000DFF8B1 /* GroupChatModel.swift */,
				D3BDB56326E0B05D00C53780 /* UserModel.swift */,
				D3C4E94626E1C2B400C21E46 /* TeamModel.swift */,
				D3FD195226E4C32C00B6740E /* EventModel.swift */,
				D3C02CEE26E8A5C800995517 /* Tag.swift */,
				D3AC05EF26EE284F00F40A51 /* FetchData.swift */,
				D353D8E926F21A4F00221B7D /* Chat.swift */,
				D34852B526FD3EBD0027592A /* PreJoin.swift */,
				D30B7938270090EA0086456E /* ChatRoom.swift */,
				D3A82BA62704136E00DDB4FC /* VideoModel.swift */,
			);
			path = Models;
			sourceTree = "<group>";
		};
		D3BDB53C26E0541100C53780 /* Utility */ = {
			isa = PBXGroup;
			children = (
				D3FFD326271EBBD100DE54ED /* API-Service */,
				D3AC05EE26EE279D00F40A51 /* ConstantsAndUtil */,
				D3BDB54E26E05D9500C53780 /* Extension */,
			);
			path = Utility;
			sourceTree = "<group>";
		};
		D3BDB53D26E0541E00C53780 /* Controller */ = {
			isa = PBXGroup;
			children = (
				D3A789D326F4396A0088E8BC /* ChatList */,
				D3CECEE426F3060500B1C498 /* VideoPost */,
				D3CECEDF26F2FFBC00B1C498 /* TimeLine */,
				D3C4E94326E1A54D00C21E46 /* GroupsAndFriends */,
				D37FA52626EAFDAE00B8559F /* Event */,
				D37FA52526EAFD5700B8559F /* User */,
				D3BDB56126E0B02100C53780 /* Main */,
				D3BDB53F26E0543700C53780 /* Authentication */,
			);
			path = Controller;
			sourceTree = "<group>";
		};
		D3BDB53E26E0542900C53780 /* Views */ = {
			isa = PBXGroup;
			children = (
				D3BDB55A26E0964200C53780 /* Bindings */,
				D3976EEF270337580016CEB2 /* Stroyboard */,
				D353D8E426F16C2F00221B7D /* Xib */,
				D3C4E93A26E0F56900C21E46 /* Cell */,
				D3C4E93326E0F1AC00C21E46 /* Parts */,
			);
			path = Views;
			sourceTree = "<group>";
		};
		D3BDB53F26E0543700C53780 /* Authentication */ = {
			isa = PBXGroup;
			children = (
				D3BDB54026E0546000C53780 /* RegisterViewController.swift */,
				D3BDB54326E0547300C53780 /* LoginViewController.swift */,
				D388F0F127107A2A00ACA6B8 /* WalkThroughController.swift */,
				D31C163C272B78AA00A94FC6 /* RuleController.swift */,
			);
			path = Authentication;
			sourceTree = "<group>";
		};
		D3BDB54E26E05D9500C53780 /* Extension */ = {
			isa = PBXGroup;
			children = (
				D3BDB55226E05E7A00C53780 /* Anchor-Extension.swift */,
				D3BDB55626E0644E00C53780 /* UIButton-Extension.swift */,
				D3A789D826F5DD8C0088E8BC /* Extensions.swift */,
				D3F860792727EEDF00085ABD /* FirebaseError.swift */,
			);
			path = Extension;
			sourceTree = "<group>";
		};
		D3BDB55A26E0964200C53780 /* Bindings */ = {
			isa = PBXGroup;
			children = (
				D3BDB55B26E0965200C53780 /* RegisterLoginBinding.swift */,
				D3C4E94426E1ACBC00C21E46 /* TeamBinding.swift */,
				D3FD195026E4993A00B6740E /* EventBinding.swift */,
			);
			path = Bindings;
			sourceTree = "<group>";
		};
		D3BDB56126E0B02100C53780 /* Main */ = {
			isa = PBXGroup;
			children = (
				D3BDB52B26E0525100C53780 /* HomeViewController.swift */,
				D3AC05E826ED763000F40A51 /* SearchCalendarController.swift */,
				D3AC05EA26ED9C8800F40A51 /* DetailSearchController.swift */,
				D3977168270961E40025BE19 /* TornamentDetailController.swift */,
				D3977166270959A70025BE19 /* TornamentListController.swift */,
			);
			path = Main;
			sourceTree = "<group>";
		};
		D3C4E93326E0F1AC00C21E46 /* Parts */ = {
			isa = PBXGroup;
			children = (
				D3C4E93426E0F1BE00C21E46 /* ProfileLabel.swift */,
				D3C4E93626E0F20400C21E46 /* ProfileImageView.swift */,
				D3976EF0270337F40016CEB2 /* InputView.swift */,
				D3C4E93826E0F29300C21E46 /* ProfileTextField.swift */,
				D3BDB55026E05DD100C53780 /* RegisterTitleLabel.swift */,
				D3BDB55426E062E700C53780 /* RegisterTextField.swift */,
				D3BDB55826E066CF00C53780 /* RegisterButton.swift */,
				D3FFD33F2720252E00DE54ED /* BlockSheet.swift */,
				D3D3D37C2721753A00E2853A /* BlockTextView.swift */,
			);
			path = Parts;
			sourceTree = "<group>";
		};
		D3C4E93A26E0F56900C21E46 /* Cell */ = {
			isa = PBXGroup;
			children = (
				D3C4E93B26E0F57700C21E46 /* InfoCollectionViewCell.swift */,
				D3C4E94E26E2F78400C21E46 /* InviteCell.swift */,
				D3C4E95626E33A5700C21E46 /* GroupCell.swift */,
				D3C4E95B26E38B5500C21E46 /* TeammemberCell.swift */,
				D37FA52726EB091300B8559F /* EventInfoCell.swift */,
				D353D8E026F1621F00221B7D /* ChatCell.swift */,
				D3CECEE226F3019700B1C498 /* VideoCell.swift */,
				D3A789D126F416E10088E8BC /* PlusTeamPlayersCell.swift */,
				D3DA98BD26F6EAE500DFF8B1 /* FriendSearchCell.swift */,
				D3FFD34127203FD900DE54ED /* BlockCell.swift */,
			);
			path = Cell;
			sourceTree = "<group>";
		};
		D3C4E94326E1A54D00C21E46 /* GroupsAndFriends */ = {
			isa = PBXGroup;
			children = (
				D3C4E93D26E19E1800C21E46 /* MyPageController.swift */,
				D3C4E93F26E19EDE00C21E46 /* GroupDetailController.swift */,
				D3C4E94126E1A54000C21E46 /* MakeGroupController.swift */,
				D3C4E94C26E1E9BB00C21E46 /* InviteToTeamController.swift */,
				D3FD194226E3A26700B6740E /* UserDetailController.swift */,
				D3A789CF26F414310088E8BC /* PlusTeamPlayerController.swift */,
				D3A82BAF2707357800DDB4FC /* GroupSearchController.swift */,
				D388F0EF27105AF900ACA6B8 /* SubUserDetailController.swift */,
				D3FFD33B271F9FB400DE54ED /* UpdateTeamController.swift */,
				D3D3D37A2721733200E2853A /* BlockController.swift */,
				D3F860202725064300085ABD /* SearchDetailGroupController.swift */,
				D3F860772727AF7E00085ABD /* GroupSearchListController.swift */,
			);
			path = GroupsAndFriends;
			sourceTree = "<group>";
		};
		D3CECEDF26F2FFBC00B1C498 /* TimeLine */ = {
			isa = PBXGroup;
			children = (
				D3CECEE026F2FFDA00B1C498 /* TimeLineController.swift */,
				D3FFD339271F9B9F00DE54ED /* VideoPopoverController.swift */,
			);
			path = TimeLine;
			sourceTree = "<group>";
		};
		D3CECEE426F3060500B1C498 /* VideoPost */ = {
			isa = PBXGroup;
			children = (
				D3CECEE526F3061700B1C498 /* PostVideoController.swift */,
				D3A82BA427040C8100DDB4FC /* VideoCameraController.swift */,
			);
			path = VideoPost;
			sourceTree = "<group>";
		};
		D3FFD326271EBBD100DE54ED /* API-Service */ = {
			isa = PBXGroup;
			children = (
				D3FFD324271EB86400DE54ED /* FirebaseAuth-Service.swift */,
				D3FFD327271EBC9200DE54ED /* User-Service.swift */,
				D3FFD329271EBECD00DE54ED /* Delete-Service.swift */,
				D3FFD32B271EC01600DE54ED /* Team-Service.swift */,
				D3FFD32D271EC4BD00DE54ED /* Event-Service.swift */,
				D3FFD32F271EC6E000DE54ED /* ChatRoom-Service.swift */,
				D3FFD331271EDAC300DE54ED /* Stroage-Service.swift */,
				D3FFD333271EDCC300DE54ED /* Join-Service.swift */,
				D3FFD3432721043800DE54ED /* Block-Service.swift */,
			);
			path = "API-Service";
			sourceTree = "<group>";
		};
		EAB088E43E3400410089E7E8 /* Pods */ = {
			isa = PBXGroup;
			children = (
				179A38C4CE9A5788447F9009 /* Pods-BadHouseApp.debug.xcconfig */,
				EC305325AEAC331B24E51D2A /* Pods-BadHouseApp.release.xcconfig */,
			);
			path = Pods;
			sourceTree = "<group>";
		};
/* End PBXGroup section */

/* Begin PBXNativeTarget section */
		D3BDB52326E0525100C53780 /* BadHouseApp */ = {
			isa = PBXNativeTarget;
			buildConfigurationList = D3BDB53826E0525200C53780 /* Build configuration list for PBXNativeTarget "BadHouseApp" */;
			buildPhases = (
				E7653B2371FC9E9AD21CB60D /* [CP] Check Pods Manifest.lock */,
				D3BDB52026E0525100C53780 /* Sources */,
				D3BDB52126E0525100C53780 /* Frameworks */,
				D3BDB52226E0525100C53780 /* Resources */,
				CBBC3DE5FF7E33046764E175 /* [CP] Embed Pods Frameworks */,
				D3A789CB26F3F8710088E8BC /* Run SwiftLint */,
				4D23C1C6A1E00E5DA9BF8A7A /* [CP] Copy Pods Resources */,
				D33D29392722F87B000453B5 /* Run FirebaseCrash */,
			);
			buildRules = (
			);
			dependencies = (
			);
			name = BadHouseApp;
			packageProductDependencies = (
				D3BDB54A26E0598C00C53780 /* RxCocoa */,
				D3BDB54C26E0598C00C53780 /* RxSwift */,
				D3C02CF126E8B24A00995517 /* Charts */,
			);
			productName = BadHouseApp;
			productReference = D3BDB52426E0525100C53780 /* BadHouseApp.app */;
			productType = "com.apple.product-type.application";
		};
/* End PBXNativeTarget section */

/* Begin PBXProject section */
		D3BDB51C26E0525100C53780 /* Project object */ = {
			isa = PBXProject;
			attributes = {
				LastSwiftUpdateCheck = 1250;
				LastUpgradeCheck = 1250;
				TargetAttributes = {
					D3BDB52326E0525100C53780 = {
						CreatedOnToolsVersion = 12.5.1;
					};
				};
			};
			buildConfigurationList = D3BDB51F26E0525100C53780 /* Build configuration list for PBXProject "BadHouseApp" */;
			compatibilityVersion = "Xcode 9.3";
			developmentRegion = en;
			hasScannedForEncodings = 0;
			knownRegions = (
				en,
				ja,
			);
			mainGroup = D3BDB51B26E0525100C53780;
			packageReferences = (
				D3BDB54926E0598C00C53780 /* XCRemoteSwiftPackageReference "RxSwift" */,
				D3C02CF026E8B24A00995517 /* XCRemoteSwiftPackageReference "Charts" */,
			);
			productRefGroup = D3BDB52526E0525100C53780 /* Products */;
			projectDirPath = "";
			projectRoot = "";
			targets = (
				D3BDB52326E0525100C53780 /* BadHouseApp */,
			);
		};
/* End PBXProject section */

/* Begin PBXResourcesBuildPhase section */
		D3BDB52226E0525100C53780 /* Resources */ = {
			isa = PBXResourcesBuildPhase;
			buildActionMask = 2147483647;
			files = (
				D33B018227466109004ED650 /* Calendar.storyboard in Resources */,
				D33B019227467836004ED650 /* TimeLine.storyboard in Resources */,
				D3BDB53426E0525200C53780 /* LaunchScreen.storyboard in Resources */,
				D37FA52A26EB091300B8559F /* CollectionViewCell.xib in Resources */,
				D33B018A27466CF0004ED650 /* Tornament.storyboard in Resources */,
				D3FD194D26E4791500B6740E /* GroupCell.xib in Resources */,
				D33B019427467922004ED650 /* FriendSearch.storyboard in Resources */,
				D33B018827466A98004ED650 /* LevelDetail.storyboard in Resources */,
				D3C4E95E26E3907600C21E46 /* TeammemberCell.xib in Resources */,
				D353D8E326F1621F00221B7D /* ChatCell.xib in Resources */,
				D3BDB52F26E0525100C53780 /* Main.storyboard in Resources */,
				D33B0184274661D2004ED650 /* Map.storyboard in Resources */,
				D33B018627466297004ED650 /* DetailSearch.storyboard in Resources */,
				D33B018C27467009004ED650 /* MyUserInfo.storyboard in Resources */,
				D33B019027467437004ED650 /* XLPager.storyboard in Resources */,
				D3A82BAE2705F6CA00DDB4FC /* Assets.xcassets in Resources */,
				D3BDB54826E0590800C53780 /* GoogleService-Info.plist in Resources */,
			);
			runOnlyForDeploymentPostprocessing = 0;
		};
/* End PBXResourcesBuildPhase section */

/* Begin PBXShellScriptBuildPhase section */
		4D23C1C6A1E00E5DA9BF8A7A /* [CP] Copy Pods Resources */ = {
			isa = PBXShellScriptBuildPhase;
			buildActionMask = 2147483647;
			files = (
			);
			inputFileListPaths = (
				"${PODS_ROOT}/Target Support Files/Pods-BadHouseApp/Pods-BadHouseApp-resources-${CONFIGURATION}-input-files.xcfilelist",
			);
			name = "[CP] Copy Pods Resources";
			outputFileListPaths = (
				"${PODS_ROOT}/Target Support Files/Pods-BadHouseApp/Pods-BadHouseApp-resources-${CONFIGURATION}-output-files.xcfilelist",
			);
			runOnlyForDeploymentPostprocessing = 0;
			shellPath = /bin/sh;
			shellScript = "\"${PODS_ROOT}/Target Support Files/Pods-BadHouseApp/Pods-BadHouseApp-resources.sh\"\n";
			showEnvVarsInLog = 0;
		};
		CBBC3DE5FF7E33046764E175 /* [CP] Embed Pods Frameworks */ = {
			isa = PBXShellScriptBuildPhase;
			buildActionMask = 12;
			files = (
			);
			inputFileListPaths = (
				"${PODS_ROOT}/Target Support Files/Pods-BadHouseApp/Pods-BadHouseApp-frameworks-${CONFIGURATION}-input-files.xcfilelist",
			);
			name = "[CP] Embed Pods Frameworks";
			outputFileListPaths = (
				"${PODS_ROOT}/Target Support Files/Pods-BadHouseApp/Pods-BadHouseApp-frameworks-${CONFIGURATION}-output-files.xcfilelist",
			);
			runOnlyForDeploymentPostprocessing = 0;
			shellPath = /bin/sh;
			shellScript = "\"${PODS_ROOT}/Target Support Files/Pods-BadHouseApp/Pods-BadHouseApp-frameworks.sh\"\n";
			showEnvVarsInLog = 0;
		};
		D33D29392722F87B000453B5 /* Run FirebaseCrash */ = {
			isa = PBXShellScriptBuildPhase;
			buildActionMask = 2147483647;
			files = (
			);
			inputFileListPaths = (
			);
			inputPaths = (
				"${DWARF_DSYM_FOLDER_PATH}/${DWARF_DSYM_FILE_NAME}/Contents/Resources/DWARF/${TARGET_NAME}\n$(SRCROOT)/$(BUILT_PRODUCTS_DIR)/$(INFOPLIST_PATH)",
			);
			name = "Run FirebaseCrash";
			outputFileListPaths = (
			);
			outputPaths = (
			);
			runOnlyForDeploymentPostprocessing = 0;
			shellPath = /bin/sh;
			shellScript = "\"${PODS_ROOT}/FirebaseCrashlytics/run\"\n";
		};
		D3A789CB26F3F8710088E8BC /* Run SwiftLint */ = {
			isa = PBXShellScriptBuildPhase;
			buildActionMask = 2147483647;
			files = (
			);
			inputFileListPaths = (
			);
			inputPaths = (
			);
			name = "Run SwiftLint";
			outputFileListPaths = (
			);
			outputPaths = (
			);
			runOnlyForDeploymentPostprocessing = 0;
			shellPath = /bin/sh;
			shellScript = "if which swiftlint >/dev/null; then\n  swiftlint\nelse\n  echo \"warning: SwiftLint not installed, download from https://github.com/realm/SwiftLint\"\nfi\n";
		};
		E7653B2371FC9E9AD21CB60D /* [CP] Check Pods Manifest.lock */ = {
			isa = PBXShellScriptBuildPhase;
			buildActionMask = 2147483647;
			files = (
			);
			inputFileListPaths = (
			);
			inputPaths = (
				"${PODS_PODFILE_DIR_PATH}/Podfile.lock",
				"${PODS_ROOT}/Manifest.lock",
			);
			name = "[CP] Check Pods Manifest.lock";
			outputFileListPaths = (
			);
			outputPaths = (
				"$(DERIVED_FILE_DIR)/Pods-BadHouseApp-checkManifestLockResult.txt",
			);
			runOnlyForDeploymentPostprocessing = 0;
			shellPath = /bin/sh;
			shellScript = "diff \"${PODS_PODFILE_DIR_PATH}/Podfile.lock\" \"${PODS_ROOT}/Manifest.lock\" > /dev/null\nif [ $? != 0 ] ; then\n    # print error to STDERR\n    echo \"error: The sandbox is not in sync with the Podfile.lock. Run 'pod install' or update your CocoaPods installation.\" >&2\n    exit 1\nfi\n# This output is used by Xcode 'outputs' to avoid re-running this script phase.\necho \"SUCCESS\" > \"${SCRIPT_OUTPUT_FILE_0}\"\n";
			showEnvVarsInLog = 0;
		};
/* End PBXShellScriptBuildPhase section */

/* Begin PBXSourcesBuildPhase section */
		D3BDB52026E0525100C53780 /* Sources */ = {
			isa = PBXSourcesBuildPhase;
			buildActionMask = 2147483647;
			files = (
				D3C4E93226E0F0BD00C21E46 /* MyPageUserInfoController.swift in Sources */,
				D3BDB56026E0AC9C00C53780 /* Ref.swift in Sources */,
				D353D8EA26F21A4F00221B7D /* Chat.swift in Sources */,
				D3A789D526F439A40088E8BC /* TalkController.swift in Sources */,
				D31DC6B1272A6DE000BD2951 /* NetworkUtil.swift in Sources */,
				D3C4E93526E0F1BE00C21E46 /* ProfileLabel.swift in Sources */,
				D3DA98C426F80A0100DFF8B1 /* XLPagerController.swift in Sources */,
				D3FFD330271EC6E000DE54ED /* ChatRoom-Service.swift in Sources */,
				D353D8E226F1621F00221B7D /* ChatCell.swift in Sources */,
				D3977169270961E40025BE19 /* TornamentDetailController.swift in Sources */,
				D3A789D026F414310088E8BC /* PlusTeamPlayerController.swift in Sources */,
				D39771722709D1D40025BE19 /* MyScheduleController.swift in Sources */,
				D3BDB55C26E0965200C53780 /* RegisterLoginBinding.swift in Sources */,
				D3BDB55326E05E7A00C53780 /* Anchor-Extension.swift in Sources */,
				D31C163D272B78AB00A94FC6 /* RuleController.swift in Sources */,
				D3CECEE326F3019700B1C498 /* VideoCell.swift in Sources */,
				D3AC05ED26EE274200F40A51 /* DateUtil.swift in Sources */,
				D3C4E94526E1ACBC00C21E46 /* TeamBinding.swift in Sources */,
				D34852B626FD3EBD0027592A /* PreJoin.swift in Sources */,
				D3C4E94226E1A54000C21E46 /* MakeGroupController.swift in Sources */,
				D3FFD3402720253100DE54ED /* BlockSheet.swift in Sources */,
				D388F0F027105AFA00ACA6B8 /* SubUserDetailController.swift in Sources */,
				D3FD195326E4C32C00B6740E /* EventModel.swift in Sources */,
				D30B7939270090EA0086456E /* ChatRoom.swift in Sources */,
				D3977167270959A70025BE19 /* TornamentListController.swift in Sources */,
				D3C4E93E26E19E1800C21E46 /* MyPageController.swift in Sources */,
				D3FFD33C271F9FB400DE54ED /* UpdateTeamController.swift in Sources */,
				D3F860212725064300085ABD /* SearchDetailGroupController.swift in Sources */,
				D38807D226FF149000D3AB7F /* LevelDetailViewController.swift in Sources */,
				D3FFD332271EDAC300DE54ED /* Stroage-Service.swift in Sources */,
				D3FFD34227203FD900DE54ED /* BlockCell.swift in Sources */,
				D353D8DA26F05B9600221B7D /* DMChatController.swift in Sources */,
				D37FA52926EB091300B8559F /* EventInfoCell.swift in Sources */,
				D3CECEE626F3061700B1C498 /* PostVideoController.swift in Sources */,
				D3D3D37B2721733200E2853A /* BlockController.swift in Sources */,
				D3A82BA527040C8100DDB4FC /* VideoCameraController.swift in Sources */,
				D3A82BA72704136E00DDB4FC /* VideoModel.swift in Sources */,
				D3D3D37D2721753A00E2853A /* BlockTextView.swift in Sources */,
				D30B793C2700A5940086456E /* NotificationUtil.swift in Sources */,
				D3AC05F026EE284F00F40A51 /* FetchData.swift in Sources */,
				D3FD194326E3A26700B6740E /* UserDetailController.swift in Sources */,
				D330032826E7013900208525 /* MyLevelController.swift in Sources */,
				D3FFD32E271EC4BD00DE54ED /* Event-Service.swift in Sources */,
				D3CF6D1126F8AE60007C4DF3 /* CheckPreJoinController.swift in Sources */,
				D3AC05E726EB82E300F40A51 /* MapViewController.swift in Sources */,
				D3C4E94F26E2F78400C21E46 /* InviteCell.swift in Sources */,
				D3FFD33A271F9B9F00DE54ED /* VideoPopoverController.swift in Sources */,
				D3C4E93726E0F20400C21E46 /* ProfileImageView.swift in Sources */,
				D3C4E94D26E1E9BB00C21E46 /* InviteToTeamController.swift in Sources */,
				D3BDB52C26E0525100C53780 /* HomeViewController.swift in Sources */,
				D3DA98BC26F6E6BA00DFF8B1 /* FriendSearchController.swift in Sources */,
				D3DA98C226F754D000DFF8B1 /* GroupChatModel.swift in Sources */,
				D3C4E95726E33A5700C21E46 /* GroupCell.swift in Sources */,
				D3FFD3442721043800DE54ED /* Block-Service.swift in Sources */,
				D3DA98C026F7357100DFF8B1 /* GroupChatController.swift in Sources */,
				D3F860782727AF7F00085ABD /* GroupSearchListController.swift in Sources */,
				D3FD195126E4993A00B6740E /* EventBinding.swift in Sources */,
				D3A82BB02707357900DDB4FC /* GroupSearchController.swift in Sources */,
				D3AC05EB26ED9C8800F40A51 /* DetailSearchController.swift in Sources */,
				D3BDB52826E0525100C53780 /* AppDelegate.swift in Sources */,
				D3FFD32A271EBECD00DE54ED /* Delete-Service.swift in Sources */,
				D3C02CEF26E8A5C800995517 /* Tag.swift in Sources */,
				D3BDB55726E0644E00C53780 /* UIButton-Extension.swift in Sources */,
				D330032626E61A2E00208525 /* MyPageInfoPopoverController.swift in Sources */,
				D3BDB54626E055C900C53780 /* Constants.swift in Sources */,
				D3D3D37F2721873A00E2853A /* AppExplainController.swift in Sources */,
				D3CECEE126F2FFDA00B1C498 /* TimeLineController.swift in Sources */,
				D3C4E93926E0F29300C21E46 /* ProfileTextField.swift in Sources */,
				D3BDB52A26E0525100C53780 /* SceneDelegate.swift in Sources */,
				D3FFD334271EDCC300DE54ED /* Join-Service.swift in Sources */,
				D3FFD32C271EC01600DE54ED /* Team-Service.swift in Sources */,
				D3CF6D1326F8AE6C007C4DF3 /* CheckJoinController.swift in Sources */,
				D3FFD325271EB86400DE54ED /* FirebaseAuth-Service.swift in Sources */,
				D3C4E94726E1C2B400C21E46 /* TeamModel.swift in Sources */,
				D3BDB55126E05DD100C53780 /* RegisterTitleLabel.swift in Sources */,
				D3DA98BE26F6EAE500DFF8B1 /* FriendSearchCell.swift in Sources */,
				D3F8607A2727EEDF00085ABD /* FirebaseError.swift in Sources */,
				D3FD194F26E482C200B6740E /* MakeEventController.swift in Sources */,
				D3BDB54426E0547300C53780 /* LoginViewController.swift in Sources */,
				D3A789D226F416E10088E8BC /* PlusTeamPlayersCell.swift in Sources */,
				D3FD195526E4CAC900B6740E /* EventTagController.swift in Sources */,
				D3BDB54126E0546000C53780 /* RegisterViewController.swift in Sources */,
				D3BDB55926E066CF00C53780 /* RegisterButton.swift in Sources */,
				D3A789D926F5DD8C0088E8BC /* Extensions.swift in Sources */,
				D3BDB56426E0B05D00C53780 /* UserModel.swift in Sources */,
				D3AC05E926ED763000F40A51 /* SearchCalendarController.swift in Sources */,
				D3C4E94026E19EDE00C21E46 /* GroupDetailController.swift in Sources */,
				D3BDB55526E062E700C53780 /* RegisterTextField.swift in Sources */,
				D388F0F227107A2A00ACA6B8 /* WalkThroughController.swift in Sources */,
				D3FFD328271EBC9200DE54ED /* User-Service.swift in Sources */,
				D3C4E95C26E38B5500C21E46 /* TeammemberCell.swift in Sources */,
				D37FA52C26EB4AD900B8559F /* EventDetailController.swift in Sources */,
				D3976EF1270337F40016CEB2 /* InputView.swift in Sources */,
				D3C4E93C26E0F57700C21E46 /* InfoCollectionViewCell.swift in Sources */,
				D3DA98BA26F6D8C200DFF8B1 /* EmptyState.swift in Sources */,
			);
			runOnlyForDeploymentPostprocessing = 0;
		};
/* End PBXSourcesBuildPhase section */

/* Begin PBXVariantGroup section */
		D3BDB52D26E0525100C53780 /* Main.storyboard */ = {
			isa = PBXVariantGroup;
			children = (
				D31C1633272B5E0800A94FC6 /* ja */,
				D31C163B272B64CE00A94FC6 /* ja */,
			);
			name = Main.storyboard;
			sourceTree = "<group>";
		};
		D3BDB53226E0525200C53780 /* LaunchScreen.storyboard */ = {
			isa = PBXVariantGroup;
			children = (
				D31C1634272B5E0A00A94FC6 /* ja */,
				D31C163A272B64CA00A94FC6 /* ja */,
			);
			name = LaunchScreen.storyboard;
			sourceTree = "<group>";
		};
/* End PBXVariantGroup section */

/* Begin XCBuildConfiguration section */
		D3BDB53626E0525200C53780 /* Debug */ = {
			isa = XCBuildConfiguration;
			buildSettings = {
				ALWAYS_SEARCH_USER_PATHS = NO;
				CLANG_ANALYZER_LOCALIZABILITY_NONLOCALIZED = YES;
				CLANG_ANALYZER_NONNULL = YES;
				CLANG_ANALYZER_NUMBER_OBJECT_CONVERSION = YES_AGGRESSIVE;
				CLANG_CXX_LANGUAGE_STANDARD = "gnu++14";
				CLANG_CXX_LIBRARY = "libc++";
				CLANG_ENABLE_MODULES = YES;
				CLANG_ENABLE_OBJC_ARC = YES;
				CLANG_ENABLE_OBJC_WEAK = YES;
				CLANG_WARN_BLOCK_CAPTURE_AUTORELEASING = YES;
				CLANG_WARN_BOOL_CONVERSION = YES;
				CLANG_WARN_COMMA = YES;
				CLANG_WARN_CONSTANT_CONVERSION = YES;
				CLANG_WARN_DEPRECATED_OBJC_IMPLEMENTATIONS = YES;
				CLANG_WARN_DIRECT_OBJC_ISA_USAGE = YES_ERROR;
				CLANG_WARN_DOCUMENTATION_COMMENTS = YES;
				CLANG_WARN_EMPTY_BODY = YES;
				CLANG_WARN_ENUM_CONVERSION = YES;
				CLANG_WARN_INFINITE_RECURSION = YES;
				CLANG_WARN_INT_CONVERSION = YES;
				CLANG_WARN_NON_LITERAL_NULL_CONVERSION = YES;
				CLANG_WARN_OBJC_IMPLICIT_RETAIN_SELF = YES;
				CLANG_WARN_OBJC_LITERAL_CONVERSION = YES;
				CLANG_WARN_OBJC_ROOT_CLASS = YES_ERROR;
				CLANG_WARN_QUOTED_INCLUDE_IN_FRAMEWORK_HEADER = YES;
				CLANG_WARN_RANGE_LOOP_ANALYSIS = YES;
				CLANG_WARN_STRICT_PROTOTYPES = YES;
				CLANG_WARN_SUSPICIOUS_MOVE = YES;
				CLANG_WARN_UNGUARDED_AVAILABILITY = YES_AGGRESSIVE;
				CLANG_WARN_UNREACHABLE_CODE = YES;
				CLANG_WARN__DUPLICATE_METHOD_MATCH = YES;
				COPY_PHASE_STRIP = NO;
				DEBUG_INFORMATION_FORMAT = dwarf;
				ENABLE_STRICT_OBJC_MSGSEND = YES;
				ENABLE_TESTABILITY = YES;
				GCC_C_LANGUAGE_STANDARD = gnu11;
				GCC_DYNAMIC_NO_PIC = NO;
				GCC_NO_COMMON_BLOCKS = YES;
				GCC_OPTIMIZATION_LEVEL = 0;
				GCC_PREPROCESSOR_DEFINITIONS = (
					"DEBUG=1",
					"$(inherited)",
				);
				GCC_WARN_64_TO_32_BIT_CONVERSION = YES;
				GCC_WARN_ABOUT_RETURN_TYPE = YES_ERROR;
				GCC_WARN_UNDECLARED_SELECTOR = YES;
				GCC_WARN_UNINITIALIZED_AUTOS = YES_AGGRESSIVE;
				GCC_WARN_UNUSED_FUNCTION = YES;
				GCC_WARN_UNUSED_VARIABLE = YES;
				IPHONEOS_DEPLOYMENT_TARGET = 14.5;
				MTL_ENABLE_DEBUG_INFO = INCLUDE_SOURCE;
				MTL_FAST_MATH = YES;
				ONLY_ACTIVE_ARCH = YES;
				SDKROOT = iphoneos;
				SWIFT_ACTIVE_COMPILATION_CONDITIONS = DEBUG;
				SWIFT_OPTIMIZATION_LEVEL = "-Onone";
			};
			name = Debug;
		};
		D3BDB53726E0525200C53780 /* Release */ = {
			isa = XCBuildConfiguration;
			buildSettings = {
				ALWAYS_SEARCH_USER_PATHS = NO;
				CLANG_ANALYZER_LOCALIZABILITY_NONLOCALIZED = YES;
				CLANG_ANALYZER_NONNULL = YES;
				CLANG_ANALYZER_NUMBER_OBJECT_CONVERSION = YES_AGGRESSIVE;
				CLANG_CXX_LANGUAGE_STANDARD = "gnu++14";
				CLANG_CXX_LIBRARY = "libc++";
				CLANG_ENABLE_MODULES = YES;
				CLANG_ENABLE_OBJC_ARC = YES;
				CLANG_ENABLE_OBJC_WEAK = YES;
				CLANG_WARN_BLOCK_CAPTURE_AUTORELEASING = YES;
				CLANG_WARN_BOOL_CONVERSION = YES;
				CLANG_WARN_COMMA = YES;
				CLANG_WARN_CONSTANT_CONVERSION = YES;
				CLANG_WARN_DEPRECATED_OBJC_IMPLEMENTATIONS = YES;
				CLANG_WARN_DIRECT_OBJC_ISA_USAGE = YES_ERROR;
				CLANG_WARN_DOCUMENTATION_COMMENTS = YES;
				CLANG_WARN_EMPTY_BODY = YES;
				CLANG_WARN_ENUM_CONVERSION = YES;
				CLANG_WARN_INFINITE_RECURSION = YES;
				CLANG_WARN_INT_CONVERSION = YES;
				CLANG_WARN_NON_LITERAL_NULL_CONVERSION = YES;
				CLANG_WARN_OBJC_IMPLICIT_RETAIN_SELF = YES;
				CLANG_WARN_OBJC_LITERAL_CONVERSION = YES;
				CLANG_WARN_OBJC_ROOT_CLASS = YES_ERROR;
				CLANG_WARN_QUOTED_INCLUDE_IN_FRAMEWORK_HEADER = YES;
				CLANG_WARN_RANGE_LOOP_ANALYSIS = YES;
				CLANG_WARN_STRICT_PROTOTYPES = YES;
				CLANG_WARN_SUSPICIOUS_MOVE = YES;
				CLANG_WARN_UNGUARDED_AVAILABILITY = YES_AGGRESSIVE;
				CLANG_WARN_UNREACHABLE_CODE = YES;
				CLANG_WARN__DUPLICATE_METHOD_MATCH = YES;
				COPY_PHASE_STRIP = NO;
				DEBUG_INFORMATION_FORMAT = "dwarf-with-dsym";
				ENABLE_NS_ASSERTIONS = NO;
				ENABLE_STRICT_OBJC_MSGSEND = YES;
				GCC_C_LANGUAGE_STANDARD = gnu11;
				GCC_NO_COMMON_BLOCKS = YES;
				GCC_WARN_64_TO_32_BIT_CONVERSION = YES;
				GCC_WARN_ABOUT_RETURN_TYPE = YES_ERROR;
				GCC_WARN_UNDECLARED_SELECTOR = YES;
				GCC_WARN_UNINITIALIZED_AUTOS = YES_AGGRESSIVE;
				GCC_WARN_UNUSED_FUNCTION = YES;
				GCC_WARN_UNUSED_VARIABLE = YES;
				IPHONEOS_DEPLOYMENT_TARGET = 14.5;
				MTL_ENABLE_DEBUG_INFO = NO;
				MTL_FAST_MATH = YES;
				SDKROOT = iphoneos;
				SWIFT_COMPILATION_MODE = wholemodule;
				SWIFT_OPTIMIZATION_LEVEL = "-O";
				VALIDATE_PRODUCT = YES;
			};
			name = Release;
		};
		D3BDB53926E0525200C53780 /* Debug */ = {
			isa = XCBuildConfiguration;
			baseConfigurationReference = 179A38C4CE9A5788447F9009 /* Pods-BadHouseApp.debug.xcconfig */;
			buildSettings = {
				ASSETCATALOG_COMPILER_APPICON_NAME = AppIcon;
				ASSETCATALOG_COMPILER_GLOBAL_ACCENT_COLOR_NAME = AccentColor;
				CODE_SIGN_ENTITLEMENTS = BadHouseApp/BadHouseApp.entitlements;
				CODE_SIGN_STYLE = Automatic;
				DEBUG_INFORMATION_FORMAT = "dwarf-with-dsym";
				DEVELOPMENT_TEAM = LSUSGUW6L4;
				INFOPLIST_FILE = BadHouseApp/Info.plist;
				LD_RUNPATH_SEARCH_PATHS = (
					"$(inherited)",
					"@executable_path/Frameworks",
				);
				MARKETING_VERSION = 12.0;
				PRODUCT_BUNDLE_IDENTIFIER = com.mizuki.BadHouseApp;
				PRODUCT_NAME = "$(TARGET_NAME)";
				SWIFT_VERSION = 5.0;
				TARGETED_DEVICE_FAMILY = 1;
			};
			name = Debug;
		};
		D3BDB53A26E0525200C53780 /* Release */ = {
			isa = XCBuildConfiguration;
			baseConfigurationReference = EC305325AEAC331B24E51D2A /* Pods-BadHouseApp.release.xcconfig */;
			buildSettings = {
				ASSETCATALOG_COMPILER_APPICON_NAME = AppIcon;
				ASSETCATALOG_COMPILER_GLOBAL_ACCENT_COLOR_NAME = AccentColor;
				CODE_SIGN_ENTITLEMENTS = BadHouseApp/BadHouseApp.entitlements;
				CODE_SIGN_STYLE = Automatic;
				DEVELOPMENT_TEAM = LSUSGUW6L4;
				INFOPLIST_FILE = BadHouseApp/Info.plist;
				LD_RUNPATH_SEARCH_PATHS = (
					"$(inherited)",
					"@executable_path/Frameworks",
				);
				MARKETING_VERSION = 12.0;
				PRODUCT_BUNDLE_IDENTIFIER = com.mizuki.BadHouseApp;
				PRODUCT_NAME = "$(TARGET_NAME)";
				SWIFT_VERSION = 5.0;
				TARGETED_DEVICE_FAMILY = 1;
			};
			name = Release;
		};
/* End XCBuildConfiguration section */

/* Begin XCConfigurationList section */
		D3BDB51F26E0525100C53780 /* Build configuration list for PBXProject "BadHouseApp" */ = {
			isa = XCConfigurationList;
			buildConfigurations = (
				D3BDB53626E0525200C53780 /* Debug */,
				D3BDB53726E0525200C53780 /* Release */,
			);
			defaultConfigurationIsVisible = 0;
			defaultConfigurationName = Release;
		};
		D3BDB53826E0525200C53780 /* Build configuration list for PBXNativeTarget "BadHouseApp" */ = {
			isa = XCConfigurationList;
			buildConfigurations = (
				D3BDB53926E0525200C53780 /* Debug */,
				D3BDB53A26E0525200C53780 /* Release */,
			);
			defaultConfigurationIsVisible = 0;
			defaultConfigurationName = Release;
		};
/* End XCConfigurationList section */

/* Begin XCRemoteSwiftPackageReference section */
		D3BDB54926E0598C00C53780 /* XCRemoteSwiftPackageReference "RxSwift" */ = {
			isa = XCRemoteSwiftPackageReference;
			repositoryURL = "https://github.com/ReactiveX/RxSwift.git";
			requirement = {
				kind = upToNextMajorVersion;
				minimumVersion = 6.2.0;
			};
		};
		D3C02CF026E8B24A00995517 /* XCRemoteSwiftPackageReference "Charts" */ = {
			isa = XCRemoteSwiftPackageReference;
			repositoryURL = "https://github.com/danielgindi/Charts.git";
			requirement = {
				kind = upToNextMajorVersion;
				minimumVersion = 4.0.1;
			};
		};
/* End XCRemoteSwiftPackageReference section */

/* Begin XCSwiftPackageProductDependency section */
		D3BDB54A26E0598C00C53780 /* RxCocoa */ = {
			isa = XCSwiftPackageProductDependency;
			package = D3BDB54926E0598C00C53780 /* XCRemoteSwiftPackageReference "RxSwift" */;
			productName = RxCocoa;
		};
		D3BDB54C26E0598C00C53780 /* RxSwift */ = {
			isa = XCSwiftPackageProductDependency;
			package = D3BDB54926E0598C00C53780 /* XCRemoteSwiftPackageReference "RxSwift" */;
			productName = RxSwift;
		};
		D3C02CF126E8B24A00995517 /* Charts */ = {
			isa = XCSwiftPackageProductDependency;
			package = D3C02CF026E8B24A00995517 /* XCRemoteSwiftPackageReference "Charts" */;
			productName = Charts;
		};
/* End XCSwiftPackageProductDependency section */
	};
	rootObject = D3BDB51C26E0525100C53780 /* Project object */;
}
